{
    "_meta": {
        "hash": {
            "sha256": "ecc4fc927b7986381fc478a9212bacac2edd4bec9bd2c294b0621347cdeaf2e7"
        },
        "host-environment-markers": {
            "implementation_name": "cpython",
            "implementation_version": "0",
            "os_name": "posix",
            "platform_machine": "x86_64",
            "platform_python_implementation": "CPython",
            "platform_release": "4.4.0-112-generic",
            "platform_system": "Linux",
            "platform_version": "#135-Ubuntu SMP Fri Jan 19 11:48:36 UTC 2018",
            "python_full_version": "2.7.12",
            "python_version": "2.7",
            "sys_platform": "linux2"
        },
        "pipfile-spec": 6,
        "requires": {},
        "sources": [
            {
                "name": "pypi",
                "url": "https://pypi.python.org/simple",
                "verify_ssl": true
            }
        ]
    },
    "default": {
        "3c556b6": {
            "file": "https://github.com/Lasagne/Lasagne/archive/master.zip"
        },
        "absl-py": {
            "hashes": [],
            "version": "==0.1.9"
        },
        "backports.functools-lru-cache": {
            "hashes": [],
            "version": "==1.4"
        },
        "backports.shutil-get-terminal-size": {
            "hashes": [],
            "markers": "python_version == '2.7'",
            "version": "==1.0.0"
        },
        "backports.weakref": {
            "hashes": [],
            "version": "==1.0.post1"
        },
        "bleach": {
            "hashes": [],
            "version": "==1.5.0"
        },
        "blessings": {
            "hashes": [],
            "version": "==1.6.1"
        },
        "cycler": {
            "hashes": [],
            "version": "==0.10.0"
        },
        "decorator": {
            "hashes": [],
            "version": "==4.2.1"
        },
        "enum34": {
            "hashes": [],
            "markers": "python_version == '2.7'",
            "version": "==1.1.6"
        },
        "fire": {
            "hashes": [],
            "version": "==0.1.2"
        },
        "funcsigs": {
            "hashes": [],
            "markers": "python_version < '3.3'",
            "version": "==1.0.2"
        },
        "futures": {
            "hashes": [],
            "version": "==3.2.0"
        },
        "gpustat": {
            "hashes": [],
            "version": "==0.4.1"
        },
        "h5py": {
            "hashes": [],
            "version": "==2.7.1"
        },
        "html5lib": {
            "hashes": [],
            "version": "==0.9999999"
        },
        "ipython": {
            "hashes": [],
            "version": "==5.5.0"
        },
        "ipython-genutils": {
            "hashes": [],
            "version": "==0.2.0"
        },
        "markdown": {
            "hashes": [],
            "version": "==2.6.11"
        },
        "matplotlib": {
            "hashes": [],
            "version": "==2.1.2"
        },
        "mock": {
            "hashes": [],
            "version": "==2.0.0"
        },
        "numpy": {
            "hashes": [],
            "version": "==1.14.0"
        },
        "nvidia-ml-py": {
            "hashes": [],
            "version": "==375.53"
        },
        "pandas": {
            "hashes": [],
            "version": "==0.22.0"
        },
        "pathlib2": {
            "hashes": [],
            "markers": "python_version in '2.6 2.7 3.2 3.3'",
            "version": "==2.3.0"
        },
        "pbr": {
            "hashes": [],
            "version": "==3.1.1"
        },
        "pexpect": {
            "hashes": [],
            "markers": "sys_platform != 'win32'",
            "version": "==4.3.1"
        },
        "pickleshare": {
            "hashes": [],
            "version": "==0.7.4"
        },
        "prefetch-generator": {
            "hashes": [],
            "version": "==1.0.0"
        },
        "prompt-toolkit": {
            "hashes": [],
            "version": "==1.0.15"
        },
        "protobuf": {
            "hashes": [],
            "version": "==3.5.1"
        },
        "psutil": {
            "hashes": [],
            "version": "==5.4.3"
        },
        "ptyprocess": {
            "hashes": [],
            "version": "==0.5.2"
        },
        "pygments": {
            "hashes": [],
            "version": "==2.2.0"
        },
        "pyparsing": {
            "hashes": [],
            "version": "==2.2.0"
        },
        "python-dateutil": {
            "hashes": [],
            "version": "==2.6.1"
        },
        "pytz": {
            "hashes": [],
            "version": "==2017.3"
        },
        "scandir": {
            "hashes": [],
            "markers": "python_version < '3.5'",
            "version": "==1.6"
        },
        "scikit-learn": {
            "hashes": [],
            "version": "==0.19.1"
        },
        "scipy": {
            "hashes": [],
            "version": "==1.0.0"
        },
        "simplegeneric": {
            "hashes": [],
            "version": "==0.8.1"
        },
        "six": {
            "hashes": [],
            "version": "==1.11.0"
        },
        "sklearn": {
            "hashes": [],
            "version": "==0.0"
        },
        "subprocess32": {
            "hashes": [],
            "version": "==3.2.7"
        },
        "tensorboard-logger": {
            "hashes": [],
            "version": "==0.0.4"
        },
        "tensorflow": {
            "hashes": [],
            "version": "==1.5.0"
        },
        "tensorflow-tensorboard": {
            "hashes": [],
            "version": "==1.5.0"
        },
        "theano": {
            "hashes": [],
            "version": "==0.9"
        },
        "tqdm": {
            "hashes": [],
            "version": "==4.19.5"
        },
        "traitlets": {
            "hashes": [],
            "version": "==4.3.2"
        },
        "wcwidth": {
            "hashes": [],
            "version": "==0.1.7"
        },
        "werkzeug": {
            "hashes": [],
            "version": "==0.14.1"
        },
        "wheel": {
            "hashes": [],
            "version": "==0.30.0"
        },
        "xgboost": {
            "hashes": [],
            "version": "==0.7.post3"
        }
    },
    "develop": {}
}
